<?xml version="1.0" encoding="utf-8"?>
<Project ToolsVersion="4.0" xmlns="http://schemas.microsoft.com/developer/msbuild/2003">
  <ItemGroup>
    <Filter Include="Pliki źródłowe">
      <UniqueIdentifier>{4FC737F1-C7A5-4376-A066-2A32D752A2FF}</UniqueIdentifier>
      <Extensions>cpp;c;cc;cxx;c++;def;odl;idl;hpj;bat;asm;asmx</Extensions>
    </Filter>
    <Filter Include="Pliki nagłówkowe">
      <UniqueIdentifier>{93995380-89BD-4b04-88EB-625FBE52EBFB}</UniqueIdentifier>
      <Extensions>h;hh;hpp;hxx;h++;hm;inl;inc;ipp;xsd</Extensions>
    </Filter>
    <Filter Include="Pliki zasobów">
      <UniqueIdentifier>{67DA6AB6-F800-4c08-8B7A-83BB121AAD01}</UniqueIdentifier>
      <Extensions>rc;ico;cur;bmp;dlg;rc2;rct;bin;rgs;gif;jpg;jpeg;jpe;resx;tiff;tif;png;wav;mfcribbon-ms</Extensions>
    </Filter>
    <Filter Include="Textures">
      <UniqueIdentifier>{743caa95-e783-4e31-8ca5-2b9bbc8d09c2}</UniqueIdentifier>
    </Filter>
  </ItemGroup>
  <ItemGroup>
    <ClCompile Include="glad.c">
      <Filter>Pliki źródłowe</Filter>
    </ClCompile>
    <ClCompile Include="main.cpp">
      <Filter>Pliki źródłowe</Filter>
    </ClCompile>
    <ClCompile Include="octree_node.cpp">
      <Filter>Pliki źródłowe</Filter>
    </ClCompile>
    <ClCompile Include="Action.cpp">
      <Filter>Pliki źródłowe</Filter>
    </ClCompile>
    <ClCompile Include="Change.cpp">
      <Filter>Pliki źródłowe</Filter>
    </ClCompile>
    <ClCompile Include="octree.cpp">
      <Filter>Pliki źródłowe</Filter>
    </ClCompile>
  </ItemGroup>
  <ItemGroup>
    <ClInclude Include="shader_s.h">
      <Filter>Pliki źródłowe</Filter>
    </ClInclude>
    <ClInclude Include="stb_image.h">
      <Filter>Pliki źródłowe</Filter>
    </ClInclude>
    <ClInclude Include="resource.h">
      <Filter>Pliki nagłówkowe</Filter>
    </ClInclude>
    <ClInclude Include="camera.h">
      <Filter>Pliki źródłowe</Filter>
    </ClInclude>
    <ClInclude Include="octree.h">
      <Filter>Pliki źródłowe</Filter>
    </ClInclude>
    <ClInclude Include="octree_node.h">
      <Filter>Pliki źródłowe</Filter>
    </ClInclude>
    <ClInclude Include="perlin.h">
      <Filter>Pliki źródłowe</Filter>
    </ClInclude>
    <ClInclude Include="constans.h">
      <Filter>Pliki źródłowe</Filter>
    </ClInclude>
    <ClInclude Include="generate.h">
      <Filter>Pliki źródłowe</Filter>
    </ClInclude>
    <ClInclude Include="Action.h">
      <Filter>Pliki nagłówkowe</Filter>
    </ClInclude>
    <ClInclude Include="Change.h">
      <Filter>Pliki nagłówkowe</Filter>
    </ClInclude>
  </ItemGroup>
  <ItemGroup>
    <None Include="block.fs">
      <Filter>Pliki źródłowe</Filter>
    </None>
    <None Include="block.vs">
      <Filter>Pliki źródłowe</Filter>
    </None>
    <None Include="target.vs">
      <Filter>Pliki źródłowe</Filter>
    </None>
    <None Include="target.fs">
      <Filter>Pliki źródłowe</Filter>
    </None>
    <None Include="interface.vs">
      <Filter>Pliki źródłowe</Filter>
    </None>
    <None Include="interface.fs">
      <Filter>Pliki źródłowe</Filter>
    </None>
    <None Include="select.vs" />
    <None Include="select.fs" />
  </ItemGroup>
  <ItemGroup>
    <ResourceCompile Include="projekt_inzynierski.rc">
      <Filter>Pliki zasobów</Filter>
    </ResourceCompile>
  </ItemGroup>
  <ItemGroup>
    <Image Include="textures\brick.png">
      <Filter>Textures</Filter>
    </Image>
    <Image Include="textures\green.png">
      <Filter>Textures</Filter>
    </Image>
  </ItemGroup>
</Project>